
Microsoft Visual Studio Solution File, Format Version 12.00
# Visual Studio Version 16
VisualStudioVersion = 16.0.31025.218
MinimumVisualStudioVersion = 10.0.40219.1
Project("{FAE04EC0-301F-11D3-BF4B-00C04F79EFBC}") = "VectorVest.Interview", "VectorVest.Interview.csproj", "{201A0134-9842-4908-A21C-CFC7E493E925}"
EndProject
Global
	GlobalSection(SolutionConfigurationPlatforms) = preSolution
		Debug|Any CPU = Debug|Any CPU
		Release|Any CPU = Release|Any CPU
	EndGlobalSection
	GlobalSection(ProjectConfigurationPlatforms) = postSolution
		{201A0134-9842-4908-A21C-CFC7E493E925}.Debug|Any CPU.ActiveCfg = Debug|Any CPU
		{201A0134-9842-4908-A21C-CFC7E493E925}.Debug|Any CPU.Build.0 = Debug|Any CPU
		{201A0134-9842-4908-A21C-CFC7E493E925}.Release|Any CPU.ActiveCfg = Release|Any CPU
		{201A0134-9842-4908-A21C-CFC7E493E925}.Release|Any CPU.Build.0 = Release|Any CPU
	EndGlobalSection
	GlobalSection(SolutionProperties) = preSolution
		HideSolutionNode = FALSE
	EndGlobalSection
	GlobalSection(ExtensibilityGlobals) = postSolution
		SolutionGuid = {28C7DE16-7040-4CCD-AA68-41EB9AE398E1}
	EndGlobalSection
EndGlobal
